
Microsoft Visual Studio Solution File, Format Version 12.00
# Visual Studio Version 16
VisualStudioVersion = 16.0.31105.61
MinimumVisualStudioVersion = 10.0.40219.1
Project("{FAE04EC0-301F-11D3-BF4B-00C04F79EFBC}") = "Practica 3", "Practica 3\Practica 3.csproj", "{A8D49D54-CD2D-485C-89F0-BDE4C093B999}"
EndProject
Global
	GlobalSection(SolutionConfigurationPlatforms) = preSolution
		Debug|Any CPU = Debug|Any CPU
		Release|Any CPU = Release|Any CPU
	EndGlobalSection
	GlobalSection(ProjectConfigurationPlatforms) = postSolution
		{A8D49D54-CD2D-485C-89F0-BDE4C093B999}.Debug|Any CPU.ActiveCfg = Debug|Any CPU
		{A8D49D54-CD2D-485C-89F0-BDE4C093B999}.Debug|Any CPU.Build.0 = Debug|Any CPU
		{A8D49D54-CD2D-485C-89F0-BDE4C093B999}.Release|Any CPU.ActiveCfg = Release|Any CPU
		{A8D49D54-CD2D-485C-89F0-BDE4C093B999}.Release|Any CPU.Build.0 = Release|Any CPU
	EndGlobalSection
	GlobalSection(SolutionProperties) = preSolution
		HideSolutionNode = FALSE
	EndGlobalSection
	GlobalSection(ExtensibilityGlobals) = postSolution
		SolutionGuid = {E4439425-EF6B-446E-B73D-EA8171882537}
	EndGlobalSection
EndGlobal
